
Microsoft Visual Studio Solution File, Format Version 12.00
# Visual Studio 15
Project("{FAE04EC0-301F-11D3-BF4B-00C04F79EFBC}") = "FLoan.Android", "FLoan.Android\FLoan.Android.csproj", "{8F62D39A-F9EF-48C9-9ED1-DB3F436633D1}"
EndProject
Project("{FAE04EC0-301F-11D3-BF4B-00C04F79EFBC}") = "FLoan.iOS", "FLoan.iOS\FLoan.iOS.csproj", "{8010AA38-70A5-45FF-AE21-CD868D4ECFA8}"
EndProject
Project("{FAE04EC0-301F-11D3-BF4B-00C04F79EFBC}") = "FLoan", "FLoan\FLoan.csproj", "{FE63FA7F-2157-4D88-AFC0-E60E049B11E2}"
EndProject
Global
	GlobalSection(SolutionConfigurationPlatforms) = preSolution
		Debug|Any CPU = Debug|Any CPU
		Release|Any CPU = Release|Any CPU
		Debug|iPhoneSimulator = Debug|iPhoneSimulator
		Release|iPhoneSimulator = Release|iPhoneSimulator
		Debug|iPhone = Debug|iPhone
		Release|iPhone = Release|iPhone
	EndGlobalSection
	GlobalSection(ProjectConfigurationPlatforms) = postSolution
		{8F62D39A-F9EF-48C9-9ED1-DB3F436633D1}.Debug|Any CPU.ActiveCfg = Debug|Any CPU
		{8F62D39A-F9EF-48C9-9ED1-DB3F436633D1}.Debug|Any CPU.Build.0 = Debug|Any CPU
		{8F62D39A-F9EF-48C9-9ED1-DB3F436633D1}.Release|Any CPU.ActiveCfg = Release|Any CPU
		{8F62D39A-F9EF-48C9-9ED1-DB3F436633D1}.Release|Any CPU.Build.0 = Release|Any CPU
		{8F62D39A-F9EF-48C9-9ED1-DB3F436633D1}.Debug|iPhoneSimulator.ActiveCfg = Debug|Any CPU
		{8F62D39A-F9EF-48C9-9ED1-DB3F436633D1}.Debug|iPhoneSimulator.Build.0 = Debug|Any CPU
		{8F62D39A-F9EF-48C9-9ED1-DB3F436633D1}.Release|iPhoneSimulator.ActiveCfg = Release|Any CPU
		{8F62D39A-F9EF-48C9-9ED1-DB3F436633D1}.Release|iPhoneSimulator.Build.0 = Release|Any CPU
		{8F62D39A-F9EF-48C9-9ED1-DB3F436633D1}.Debug|iPhone.ActiveCfg = Debug|Any CPU
		{8F62D39A-F9EF-48C9-9ED1-DB3F436633D1}.Debug|iPhone.Build.0 = Debug|Any CPU
		{8F62D39A-F9EF-48C9-9ED1-DB3F436633D1}.Release|iPhone.ActiveCfg = Release|Any CPU
		{8F62D39A-F9EF-48C9-9ED1-DB3F436633D1}.Release|iPhone.Build.0 = Release|Any CPU
		{8010AA38-70A5-45FF-AE21-CD868D4ECFA8}.Debug|Any CPU.ActiveCfg = Debug|iPhoneSimulator
		{8010AA38-70A5-45FF-AE21-CD868D4ECFA8}.Debug|Any CPU.Build.0 = Debug|iPhoneSimulator
		{8010AA38-70A5-45FF-AE21-CD868D4ECFA8}.Release|Any CPU.ActiveCfg = Release|iPhoneSimulator
		{8010AA38-70A5-45FF-AE21-CD868D4ECFA8}.Release|Any CPU.Build.0 = Release|iPhoneSimulator
		{8010AA38-70A5-45FF-AE21-CD868D4ECFA8}.Debug|iPhoneSimulator.ActiveCfg = Debug|iPhoneSimulator
		{8010AA38-70A5-45FF-AE21-CD868D4ECFA8}.Debug|iPhoneSimulator.Build.0 = Debug|iPhoneSimulator
		{8010AA38-70A5-45FF-AE21-CD868D4ECFA8}.Release|iPhoneSimulator.ActiveCfg = Release|iPhoneSimulator
		{8010AA38-70A5-45FF-AE21-CD868D4ECFA8}.Release|iPhoneSimulator.Build.0 = Release|iPhoneSimulator
		{8010AA38-70A5-45FF-AE21-CD868D4ECFA8}.Debug|iPhone.ActiveCfg = Debug|iPhone
		{8010AA38-70A5-45FF-AE21-CD868D4ECFA8}.Debug|iPhone.Build.0 = Debug|iPhone
		{8010AA38-70A5-45FF-AE21-CD868D4ECFA8}.Release|iPhone.ActiveCfg = Release|iPhone
		{8010AA38-70A5-45FF-AE21-CD868D4ECFA8}.Release|iPhone.Build.0 = Release|iPhone
		{FE63FA7F-2157-4D88-AFC0-E60E049B11E2}.Debug|Any CPU.ActiveCfg = Debug|Any CPU
		{FE63FA7F-2157-4D88-AFC0-E60E049B11E2}.Debug|Any CPU.Build.0 = Debug|Any CPU
		{FE63FA7F-2157-4D88-AFC0-E60E049B11E2}.Release|Any CPU.ActiveCfg = Release|Any CPU
		{FE63FA7F-2157-4D88-AFC0-E60E049B11E2}.Release|Any CPU.Build.0 = Release|Any CPU
		{FE63FA7F-2157-4D88-AFC0-E60E049B11E2}.Debug|iPhoneSimulator.ActiveCfg = Debug|Any CPU
		{FE63FA7F-2157-4D88-AFC0-E60E049B11E2}.Debug|iPhoneSimulator.Build.0 = Debug|Any CPU
		{FE63FA7F-2157-4D88-AFC0-E60E049B11E2}.Release|iPhoneSimulator.ActiveCfg = Release|Any CPU
		{FE63FA7F-2157-4D88-AFC0-E60E049B11E2}.Release|iPhoneSimulator.Build.0 = Release|Any CPU
		{FE63FA7F-2157-4D88-AFC0-E60E049B11E2}.Debug|iPhone.ActiveCfg = Debug|Any CPU
		{FE63FA7F-2157-4D88-AFC0-E60E049B11E2}.Debug|iPhone.Build.0 = Debug|Any CPU
		{FE63FA7F-2157-4D88-AFC0-E60E049B11E2}.Release|iPhone.ActiveCfg = Release|Any CPU
		{FE63FA7F-2157-4D88-AFC0-E60E049B11E2}.Release|iPhone.Build.0 = Release|Any CPU
	EndGlobalSection
EndGlobal
