
Microsoft Visual Studio Solution File, Format Version 12.00
# Visual Studio 15
Project("{FAE04EC0-301F-11D3-BF4B-00C04F79EFBC}") = "FLoan.iOS", "FLoan.iOS.csproj", "{8010AA38-70A5-45FF-AE21-CD868D4ECFA8}"
EndProject
Global
	GlobalSection(SolutionConfigurationPlatforms) = preSolution
		Debug|iPhoneSimulator = Debug|iPhoneSimulator
		Release|iPhoneSimulator = Release|iPhoneSimulator
		Debug|iPhone = Debug|iPhone
		Release|iPhone = Release|iPhone
	EndGlobalSection
	GlobalSection(ProjectConfigurationPlatforms) = postSolution
		{8010AA38-70A5-45FF-AE21-CD868D4ECFA8}.Debug|iPhoneSimulator.ActiveCfg = Debug|iPhoneSimulator
		{8010AA38-70A5-45FF-AE21-CD868D4ECFA8}.Debug|iPhoneSimulator.Build.0 = Debug|iPhoneSimulator
		{8010AA38-70A5-45FF-AE21-CD868D4ECFA8}.Release|iPhoneSimulator.ActiveCfg = Release|iPhoneSimulator
		{8010AA38-70A5-45FF-AE21-CD868D4ECFA8}.Release|iPhoneSimulator.Build.0 = Release|iPhoneSimulator
		{8010AA38-70A5-45FF-AE21-CD868D4ECFA8}.Debug|iPhone.ActiveCfg = Debug|iPhone
		{8010AA38-70A5-45FF-AE21-CD868D4ECFA8}.Debug|iPhone.Build.0 = Debug|iPhone
		{8010AA38-70A5-45FF-AE21-CD868D4ECFA8}.Release|iPhone.ActiveCfg = Release|iPhone
		{8010AA38-70A5-45FF-AE21-CD868D4ECFA8}.Release|iPhone.Build.0 = Release|iPhone
	EndGlobalSection
EndGlobal
